<?xml version="1.0" encoding="UTF-8"?>
<CodeBlocks_project_file>
	<FileVersion major="1" minor="6"/>
	<Project>
		<Option title="Tram_Netwerk"/>
		<Option makefile_is_custom="1"/>
		<Option compiler="gcc"/>
		<Option virtualFolders="CMake Files\;CMake Files\gtest\;CMake Files\gtest\lib\;CMake Files\gtest\lib\googletest-master\;CMake Files\gtest\lib\googletest-master\googlemock\;CMake Files\gtest\lib\googletest-master\googletest\;CMake Files\gtest\lib\googletest-master\googletest\cmake\;"/>
		<Build>
			<Target title="all">
				<Option working_dir="/home/uauser/pse/tram_SECSPEC"/>
				<Option type="4"/>
				<MakeCommands>
					<Build command="/usr/bin/make -f &quot;/home/uauser/pse/tram_SECSPEC/Makefile&quot;  VERBOSE=1 all"/>
					<CompileFile command="/usr/bin/make -f &quot;/home/uauser/pse/tram_SECSPEC/Makefile&quot;  VERBOSE=1 &quot;$file&quot;"/>
					<Clean command="/usr/bin/make -f &quot;/home/uauser/pse/tram_SECSPEC/Makefile&quot;  VERBOSE=1 clean"/>
					<DistClean command="/usr/bin/make -f &quot;/home/uauser/pse/tram_SECSPEC/Makefile&quot;  VERBOSE=1 clean"/>
				</MakeCommands>
			</Target>
			<Target title="edit_cache">
				<Option working_dir="/home/uauser/pse/tram_SECSPEC"/>
				<Option type="4"/>
				<MakeCommands>
					<Build command="/usr/bin/make -f &quot;/home/uauser/pse/tram_SECSPEC/Makefile&quot;  VERBOSE=1 edit_cache"/>
					<CompileFile command="/usr/bin/make -f &quot;/home/uauser/pse/tram_SECSPEC/Makefile&quot;  VERBOSE=1 &quot;$file&quot;"/>
					<Clean command="/usr/bin/make -f &quot;/home/uauser/pse/tram_SECSPEC/Makefile&quot;  VERBOSE=1 clean"/>
					<DistClean command="/usr/bin/make -f &quot;/home/uauser/pse/tram_SECSPEC/Makefile&quot;  VERBOSE=1 clean"/>
				</MakeCommands>
			</Target>
			<Target title="rebuild_cache">
				<Option working_dir="/home/uauser/pse/tram_SECSPEC"/>
				<Option type="4"/>
				<MakeCommands>
					<Build command="/usr/bin/make -f &quot;/home/uauser/pse/tram_SECSPEC/Makefile&quot;  VERBOSE=1 rebuild_cache"/>
					<CompileFile command="/usr/bin/make -f &quot;/home/uauser/pse/tram_SECSPEC/Makefile&quot;  VERBOSE=1 &quot;$file&quot;"/>
					<Clean command="/usr/bin/make -f &quot;/home/uauser/pse/tram_SECSPEC/Makefile&quot;  VERBOSE=1 clean"/>
					<DistClean command="/usr/bin/make -f &quot;/home/uauser/pse/tram_SECSPEC/Makefile&quot;  VERBOSE=1 clean"/>
				</MakeCommands>
			</Target>
			<Target title="list_install_components">
				<Option working_dir="/home/uauser/pse/tram_SECSPEC"/>
				<Option type="4"/>
				<MakeCommands>
					<Build command="/usr/bin/make -f &quot;/home/uauser/pse/tram_SECSPEC/Makefile&quot;  VERBOSE=1 list_install_components"/>
					<CompileFile command="/usr/bin/make -f &quot;/home/uauser/pse/tram_SECSPEC/Makefile&quot;  VERBOSE=1 &quot;$file&quot;"/>
					<Clean command="/usr/bin/make -f &quot;/home/uauser/pse/tram_SECSPEC/Makefile&quot;  VERBOSE=1 clean"/>
					<DistClean command="/usr/bin/make -f &quot;/home/uauser/pse/tram_SECSPEC/Makefile&quot;  VERBOSE=1 clean"/>
				</MakeCommands>
			</Target>
			<Target title="install">
				<Option working_dir="/home/uauser/pse/tram_SECSPEC"/>
				<Option type="4"/>
				<MakeCommands>
					<Build command="/usr/bin/make -f &quot;/home/uauser/pse/tram_SECSPEC/Makefile&quot;  VERBOSE=1 install"/>
					<CompileFile command="/usr/bin/make -f &quot;/home/uauser/pse/tram_SECSPEC/Makefile&quot;  VERBOSE=1 &quot;$file&quot;"/>
					<Clean command="/usr/bin/make -f &quot;/home/uauser/pse/tram_SECSPEC/Makefile&quot;  VERBOSE=1 clean"/>
					<DistClean command="/usr/bin/make -f &quot;/home/uauser/pse/tram_SECSPEC/Makefile&quot;  VERBOSE=1 clean"/>
				</MakeCommands>
			</Target>
			<Target title="install/local">
				<Option working_dir="/home/uauser/pse/tram_SECSPEC"/>
				<Option type="4"/>
				<MakeCommands>
					<Build command="/usr/bin/make -f &quot;/home/uauser/pse/tram_SECSPEC/Makefile&quot;  VERBOSE=1 install/local"/>
					<CompileFile command="/usr/bin/make -f &quot;/home/uauser/pse/tram_SECSPEC/Makefile&quot;  VERBOSE=1 &quot;$file&quot;"/>
					<Clean command="/usr/bin/make -f &quot;/home/uauser/pse/tram_SECSPEC/Makefile&quot;  VERBOSE=1 clean"/>
					<DistClean command="/usr/bin/make -f &quot;/home/uauser/pse/tram_SECSPEC/Makefile&quot;  VERBOSE=1 clean"/>
				</MakeCommands>
			</Target>
			<Target title="Tram_Netwerk_debug">
				<Option output="/home/uauser/pse/tram_SECSPEC/Tram_Netwerk_debug" prefix_auto="0" extension_auto="0"/>
				<Option working_dir="/home/uauser/pse/tram_SECSPEC"/>
				<Option object_output="./"/>
				<Option type="1"/>
				<Option compiler="gcc"/>
				<Compiler>
					<Add directory="/home/uauser/pse/tram_SECSPEC/gtest/lib/googletest-master/googlemock/include"/>
					<Add directory="/home/uauser/pse/tram_SECSPEC/gtest/lib/googletest-master/googletest/include"/>
				</Compiler>
				<MakeCommands>
					<Build command="/usr/bin/make -f &quot;/home/uauser/pse/tram_SECSPEC/Makefile&quot;  VERBOSE=1 Tram_Netwerk_debug"/>
					<CompileFile command="/usr/bin/make -f &quot;/home/uauser/pse/tram_SECSPEC/Makefile&quot;  VERBOSE=1 &quot;$file&quot;"/>
					<Clean command="/usr/bin/make -f &quot;/home/uauser/pse/tram_SECSPEC/Makefile&quot;  VERBOSE=1 clean"/>
					<DistClean command="/usr/bin/make -f &quot;/home/uauser/pse/tram_SECSPEC/Makefile&quot;  VERBOSE=1 clean"/>
				</MakeCommands>
			</Target>
			<Target title="Tram_Netwerk_debug/fast">
				<Option output="/home/uauser/pse/tram_SECSPEC/Tram_Netwerk_debug" prefix_auto="0" extension_auto="0"/>
				<Option working_dir="/home/uauser/pse/tram_SECSPEC"/>
				<Option object_output="./"/>
				<Option type="1"/>
				<Option compiler="gcc"/>
				<Compiler>
					<Add directory="/home/uauser/pse/tram_SECSPEC/gtest/lib/googletest-master/googlemock/include"/>
					<Add directory="/home/uauser/pse/tram_SECSPEC/gtest/lib/googletest-master/googletest/include"/>
				</Compiler>
				<MakeCommands>
					<Build command="/usr/bin/make -f &quot;/home/uauser/pse/tram_SECSPEC/Makefile&quot;  VERBOSE=1 Tram_Netwerk_debug/fast"/>
					<CompileFile command="/usr/bin/make -f &quot;/home/uauser/pse/tram_SECSPEC/Makefile&quot;  VERBOSE=1 &quot;$file&quot;"/>
					<Clean command="/usr/bin/make -f &quot;/home/uauser/pse/tram_SECSPEC/Makefile&quot;  VERBOSE=1 clean"/>
					<DistClean command="/usr/bin/make -f &quot;/home/uauser/pse/tram_SECSPEC/Makefile&quot;  VERBOSE=1 clean"/>
				</MakeCommands>
			</Target>
			<Target title="Tram_Netwerk">
				<Option output="/home/uauser/pse/tram_SECSPEC/Tram_Netwerk" prefix_auto="0" extension_auto="0"/>
				<Option working_dir="/home/uauser/pse/tram_SECSPEC"/>
				<Option object_output="./"/>
				<Option type="1"/>
				<Option compiler="gcc"/>
				<Compiler>
					<Add directory="/home/uauser/pse/tram_SECSPEC/gtest/lib/googletest-master/googlemock/include"/>
					<Add directory="/home/uauser/pse/tram_SECSPEC/gtest/lib/googletest-master/googletest/include"/>
				</Compiler>
				<MakeCommands>
					<Build command="/usr/bin/make -f &quot;/home/uauser/pse/tram_SECSPEC/Makefile&quot;  VERBOSE=1 Tram_Netwerk"/>
					<CompileFile command="/usr/bin/make -f &quot;/home/uauser/pse/tram_SECSPEC/Makefile&quot;  VERBOSE=1 &quot;$file&quot;"/>
					<Clean command="/usr/bin/make -f &quot;/home/uauser/pse/tram_SECSPEC/Makefile&quot;  VERBOSE=1 clean"/>
					<DistClean command="/usr/bin/make -f &quot;/home/uauser/pse/tram_SECSPEC/Makefile&quot;  VERBOSE=1 clean"/>
				</MakeCommands>
			</Target>
			<Target title="Tram_Netwerk/fast">
				<Option output="/home/uauser/pse/tram_SECSPEC/Tram_Netwerk" prefix_auto="0" extension_auto="0"/>
				<Option working_dir="/home/uauser/pse/tram_SECSPEC"/>
				<Option object_output="./"/>
				<Option type="1"/>
				<Option compiler="gcc"/>
				<Compiler>
					<Add directory="/home/uauser/pse/tram_SECSPEC/gtest/lib/googletest-master/googlemock/include"/>
					<Add directory="/home/uauser/pse/tram_SECSPEC/gtest/lib/googletest-master/googletest/include"/>
				</Compiler>
				<MakeCommands>
					<Build command="/usr/bin/make -f &quot;/home/uauser/pse/tram_SECSPEC/Makefile&quot;  VERBOSE=1 Tram_Netwerk/fast"/>
					<CompileFile command="/usr/bin/make -f &quot;/home/uauser/pse/tram_SECSPEC/Makefile&quot;  VERBOSE=1 &quot;$file&quot;"/>
					<Clean command="/usr/bin/make -f &quot;/home/uauser/pse/tram_SECSPEC/Makefile&quot;  VERBOSE=1 clean"/>
					<DistClean command="/usr/bin/make -f &quot;/home/uauser/pse/tram_SECSPEC/Makefile&quot;  VERBOSE=1 clean"/>
				</MakeCommands>
			</Target>
			<Target title="gmock_main">
				<Option output="/home/uauser/pse/tram_SECSPEC/gtest/lib/googletest-master/googlemock/libgmock_main.a" prefix_auto="0" extension_auto="0"/>
				<Option working_dir="/home/uauser/pse/tram_SECSPEC/gtest/lib/googletest-master/googlemock"/>
				<Option object_output="./"/>
				<Option type="2"/>
				<Option compiler="gcc"/>
				<Compiler>
					<Add directory="/home/uauser/pse/tram_SECSPEC/gtest/lib/googletest-master/googlemock/include"/>
					<Add directory="/home/uauser/pse/tram_SECSPEC/gtest/lib/googletest-master/googlemock"/>
					<Add directory="/home/uauser/pse/tram_SECSPEC/gtest/lib/googletest-master/googletest/include"/>
					<Add directory="/home/uauser/pse/tram_SECSPEC/gtest/lib/googletest-master/googletest"/>
				</Compiler>
				<MakeCommands>
					<Build command="/usr/bin/make -f &quot;/home/uauser/pse/tram_SECSPEC/gtest/lib/googletest-master/googlemock/Makefile&quot;  VERBOSE=1 gmock_main"/>
					<CompileFile command="/usr/bin/make -f &quot;/home/uauser/pse/tram_SECSPEC/gtest/lib/googletest-master/googlemock/Makefile&quot;  VERBOSE=1 &quot;$file&quot;"/>
					<Clean command="/usr/bin/make -f &quot;/home/uauser/pse/tram_SECSPEC/gtest/lib/googletest-master/googlemock/Makefile&quot;  VERBOSE=1 clean"/>
					<DistClean command="/usr/bin/make -f &quot;/home/uauser/pse/tram_SECSPEC/gtest/lib/googletest-master/googlemock/Makefile&quot;  VERBOSE=1 clean"/>
				</MakeCommands>
			</Target>
			<Target title="gmock_main/fast">
				<Option output="/home/uauser/pse/tram_SECSPEC/gtest/lib/googletest-master/googlemock/libgmock_main.a" prefix_auto="0" extension_auto="0"/>
				<Option working_dir="/home/uauser/pse/tram_SECSPEC/gtest/lib/googletest-master/googlemock"/>
				<Option object_output="./"/>
				<Option type="2"/>
				<Option compiler="gcc"/>
				<Compiler>
					<Add directory="/home/uauser/pse/tram_SECSPEC/gtest/lib/googletest-master/googlemock/include"/>
					<Add directory="/home/uauser/pse/tram_SECSPEC/gtest/lib/googletest-master/googlemock"/>
					<Add directory="/home/uauser/pse/tram_SECSPEC/gtest/lib/googletest-master/googletest/include"/>
					<Add directory="/home/uauser/pse/tram_SECSPEC/gtest/lib/googletest-master/googletest"/>
				</Compiler>
				<MakeCommands>
					<Build command="/usr/bin/make -f &quot;/home/uauser/pse/tram_SECSPEC/gtest/lib/googletest-master/googlemock/Makefile&quot;  VERBOSE=1 gmock_main/fast"/>
					<CompileFile command="/usr/bin/make -f &quot;/home/uauser/pse/tram_SECSPEC/gtest/lib/googletest-master/googlemock/Makefile&quot;  VERBOSE=1 &quot;$file&quot;"/>
					<Clean command="/usr/bin/make -f &quot;/home/uauser/pse/tram_SECSPEC/gtest/lib/googletest-master/googlemock/Makefile&quot;  VERBOSE=1 clean"/>
					<DistClean command="/usr/bin/make -f &quot;/home/uauser/pse/tram_SECSPEC/gtest/lib/googletest-master/googlemock/Makefile&quot;  VERBOSE=1 clean"/>
				</MakeCommands>
			</Target>
			<Target title="gmock">
				<Option output="/home/uauser/pse/tram_SECSPEC/gtest/lib/googletest-master/googlemock/libgmock.a" prefix_auto="0" extension_auto="0"/>
				<Option working_dir="/home/uauser/pse/tram_SECSPEC/gtest/lib/googletest-master/googlemock"/>
				<Option object_output="./"/>
				<Option type="2"/>
				<Option compiler="gcc"/>
				<Compiler>
					<Add directory="/home/uauser/pse/tram_SECSPEC/gtest/lib/googletest-master/googlemock/include"/>
					<Add directory="/home/uauser/pse/tram_SECSPEC/gtest/lib/googletest-master/googlemock"/>
					<Add directory="/home/uauser/pse/tram_SECSPEC/gtest/lib/googletest-master/googletest/include"/>
					<Add directory="/home/uauser/pse/tram_SECSPEC/gtest/lib/googletest-master/googletest"/>
				</Compiler>
				<MakeCommands>
					<Build command="/usr/bin/make -f &quot;/home/uauser/pse/tram_SECSPEC/gtest/lib/googletest-master/googlemock/Makefile&quot;  VERBOSE=1 gmock"/>
					<CompileFile command="/usr/bin/make -f &quot;/home/uauser/pse/tram_SECSPEC/gtest/lib/googletest-master/googlemock/Makefile&quot;  VERBOSE=1 &quot;$file&quot;"/>
					<Clean command="/usr/bin/make -f &quot;/home/uauser/pse/tram_SECSPEC/gtest/lib/googletest-master/googlemock/Makefile&quot;  VERBOSE=1 clean"/>
					<DistClean command="/usr/bin/make -f &quot;/home/uauser/pse/tram_SECSPEC/gtest/lib/googletest-master/googlemock/Makefile&quot;  VERBOSE=1 clean"/>
				</MakeCommands>
			</Target>
			<Target title="gmock/fast">
				<Option output="/home/uauser/pse/tram_SECSPEC/gtest/lib/googletest-master/googlemock/libgmock.a" prefix_auto="0" extension_auto="0"/>
				<Option working_dir="/home/uauser/pse/tram_SECSPEC/gtest/lib/googletest-master/googlemock"/>
				<Option object_output="./"/>
				<Option type="2"/>
				<Option compiler="gcc"/>
				<Compiler>
					<Add directory="/home/uauser/pse/tram_SECSPEC/gtest/lib/googletest-master/googlemock/include"/>
					<Add directory="/home/uauser/pse/tram_SECSPEC/gtest/lib/googletest-master/googlemock"/>
					<Add directory="/home/uauser/pse/tram_SECSPEC/gtest/lib/googletest-master/googletest/include"/>
					<Add directory="/home/uauser/pse/tram_SECSPEC/gtest/lib/googletest-master/googletest"/>
				</Compiler>
				<MakeCommands>
					<Build command="/usr/bin/make -f &quot;/home/uauser/pse/tram_SECSPEC/gtest/lib/googletest-master/googlemock/Makefile&quot;  VERBOSE=1 gmock/fast"/>
					<CompileFile command="/usr/bin/make -f &quot;/home/uauser/pse/tram_SECSPEC/gtest/lib/googletest-master/googlemock/Makefile&quot;  VERBOSE=1 &quot;$file&quot;"/>
					<Clean command="/usr/bin/make -f &quot;/home/uauser/pse/tram_SECSPEC/gtest/lib/googletest-master/googlemock/Makefile&quot;  VERBOSE=1 clean"/>
					<DistClean command="/usr/bin/make -f &quot;/home/uauser/pse/tram_SECSPEC/gtest/lib/googletest-master/googlemock/Makefile&quot;  VERBOSE=1 clean"/>
				</MakeCommands>
			</Target>
			<Target title="gtest_main">
				<Option output="/home/uauser/pse/tram_SECSPEC/gtest/lib/googletest-master/googlemock/gtest/libgtest_main.a" prefix_auto="0" extension_auto="0"/>
				<Option working_dir="/home/uauser/pse/tram_SECSPEC/gtest/lib/googletest-master/googlemock/gtest"/>
				<Option object_output="./"/>
				<Option type="2"/>
				<Option compiler="gcc"/>
				<Compiler>
					<Add directory="/home/uauser/pse/tram_SECSPEC/gtest/lib/googletest-master/googletest/include"/>
					<Add directory="/home/uauser/pse/tram_SECSPEC/gtest/lib/googletest-master/googletest"/>
				</Compiler>
				<MakeCommands>
					<Build command="/usr/bin/make -f &quot;/home/uauser/pse/tram_SECSPEC/gtest/lib/googletest-master/googlemock/gtest/Makefile&quot;  VERBOSE=1 gtest_main"/>
					<CompileFile command="/usr/bin/make -f &quot;/home/uauser/pse/tram_SECSPEC/gtest/lib/googletest-master/googlemock/gtest/Makefile&quot;  VERBOSE=1 &quot;$file&quot;"/>
					<Clean command="/usr/bin/make -f &quot;/home/uauser/pse/tram_SECSPEC/gtest/lib/googletest-master/googlemock/gtest/Makefile&quot;  VERBOSE=1 clean"/>
					<DistClean command="/usr/bin/make -f &quot;/home/uauser/pse/tram_SECSPEC/gtest/lib/googletest-master/googlemock/gtest/Makefile&quot;  VERBOSE=1 clean"/>
				</MakeCommands>
			</Target>
			<Target title="gtest_main/fast">
				<Option output="/home/uauser/pse/tram_SECSPEC/gtest/lib/googletest-master/googlemock/gtest/libgtest_main.a" prefix_auto="0" extension_auto="0"/>
				<Option working_dir="/home/uauser/pse/tram_SECSPEC/gtest/lib/googletest-master/googlemock/gtest"/>
				<Option object_output="./"/>
				<Option type="2"/>
				<Option compiler="gcc"/>
				<Compiler>
					<Add directory="/home/uauser/pse/tram_SECSPEC/gtest/lib/googletest-master/googletest/include"/>
					<Add directory="/home/uauser/pse/tram_SECSPEC/gtest/lib/googletest-master/googletest"/>
				</Compiler>
				<MakeCommands>
					<Build command="/usr/bin/make -f &quot;/home/uauser/pse/tram_SECSPEC/gtest/lib/googletest-master/googlemock/gtest/Makefile&quot;  VERBOSE=1 gtest_main/fast"/>
					<CompileFile command="/usr/bin/make -f &quot;/home/uauser/pse/tram_SECSPEC/gtest/lib/googletest-master/googlemock/gtest/Makefile&quot;  VERBOSE=1 &quot;$file&quot;"/>
					<Clean command="/usr/bin/make -f &quot;/home/uauser/pse/tram_SECSPEC/gtest/lib/googletest-master/googlemock/gtest/Makefile&quot;  VERBOSE=1 clean"/>
					<DistClean command="/usr/bin/make -f &quot;/home/uauser/pse/tram_SECSPEC/gtest/lib/googletest-master/googlemock/gtest/Makefile&quot;  VERBOSE=1 clean"/>
				</MakeCommands>
			</Target>
			<Target title="gtest">
				<Option output="/home/uauser/pse/tram_SECSPEC/gtest/lib/googletest-master/googlemock/gtest/libgtest.a" prefix_auto="0" extension_auto="0"/>
				<Option working_dir="/home/uauser/pse/tram_SECSPEC/gtest/lib/googletest-master/googlemock/gtest"/>
				<Option object_output="./"/>
				<Option type="2"/>
				<Option compiler="gcc"/>
				<Compiler>
					<Add directory="/home/uauser/pse/tram_SECSPEC/gtest/lib/googletest-master/googletest/include"/>
					<Add directory="/home/uauser/pse/tram_SECSPEC/gtest/lib/googletest-master/googletest"/>
				</Compiler>
				<MakeCommands>
					<Build command="/usr/bin/make -f &quot;/home/uauser/pse/tram_SECSPEC/gtest/lib/googletest-master/googlemock/gtest/Makefile&quot;  VERBOSE=1 gtest"/>
					<CompileFile command="/usr/bin/make -f &quot;/home/uauser/pse/tram_SECSPEC/gtest/lib/googletest-master/googlemock/gtest/Makefile&quot;  VERBOSE=1 &quot;$file&quot;"/>
					<Clean command="/usr/bin/make -f &quot;/home/uauser/pse/tram_SECSPEC/gtest/lib/googletest-master/googlemock/gtest/Makefile&quot;  VERBOSE=1 clean"/>
					<DistClean command="/usr/bin/make -f &quot;/home/uauser/pse/tram_SECSPEC/gtest/lib/googletest-master/googlemock/gtest/Makefile&quot;  VERBOSE=1 clean"/>
				</MakeCommands>
			</Target>
			<Target title="gtest/fast">
				<Option output="/home/uauser/pse/tram_SECSPEC/gtest/lib/googletest-master/googlemock/gtest/libgtest.a" prefix_auto="0" extension_auto="0"/>
				<Option working_dir="/home/uauser/pse/tram_SECSPEC/gtest/lib/googletest-master/googlemock/gtest"/>
				<Option object_output="./"/>
				<Option type="2"/>
				<Option compiler="gcc"/>
				<Compiler>
					<Add directory="/home/uauser/pse/tram_SECSPEC/gtest/lib/googletest-master/googletest/include"/>
					<Add directory="/home/uauser/pse/tram_SECSPEC/gtest/lib/googletest-master/googletest"/>
				</Compiler>
				<MakeCommands>
					<Build command="/usr/bin/make -f &quot;/home/uauser/pse/tram_SECSPEC/gtest/lib/googletest-master/googlemock/gtest/Makefile&quot;  VERBOSE=1 gtest/fast"/>
					<CompileFile command="/usr/bin/make -f &quot;/home/uauser/pse/tram_SECSPEC/gtest/lib/googletest-master/googlemock/gtest/Makefile&quot;  VERBOSE=1 &quot;$file&quot;"/>
					<Clean command="/usr/bin/make -f &quot;/home/uauser/pse/tram_SECSPEC/gtest/lib/googletest-master/googlemock/gtest/Makefile&quot;  VERBOSE=1 clean"/>
					<DistClean command="/usr/bin/make -f &quot;/home/uauser/pse/tram_SECSPEC/gtest/lib/googletest-master/googlemock/gtest/Makefile&quot;  VERBOSE=1 clean"/>
				</MakeCommands>
			</Target>
		</Build>
		<Unit filename="/home/uauser/pse/tram_SECSPEC/Tests/SystemDomainTests.cpp">
			<Option target="Tram_Netwerk_debug"/>
		</Unit>
		<Unit filename="/home/uauser/pse/tram_SECSPEC/Tests/SystemInputTests.cpp">
			<Option target="Tram_Netwerk_debug"/>
		</Unit>
		<Unit filename="/home/uauser/pse/tram_SECSPEC/Tests/SystemOutputTests.cpp">
			<Option target="Tram_Netwerk_debug"/>
		</Unit>
		<Unit filename="/home/uauser/pse/tram_SECSPEC/Tests/SystemTests.cpp">
			<Option target="Tram_Netwerk_debug"/>
		</Unit>
		<Unit filename="/home/uauser/pse/tram_SECSPEC/Tests/TestUtils.cpp">
			<Option target="Tram_Netwerk_debug"/>
		</Unit>
		<Unit filename="/home/uauser/pse/tram_SECSPEC/Tests/TestUtils.h">
			<Option target="Tram_Netwerk_debug"/>
		</Unit>
		<Unit filename="/home/uauser/pse/tram_SECSPEC/gtest/lib/googletest-master/googlemock/src/gmock-all.cc">
			<Option target="gmock_main"/>
			<Option target="gmock"/>
		</Unit>
		<Unit filename="/home/uauser/pse/tram_SECSPEC/gtest/lib/googletest-master/googlemock/src/gmock_main.cc">
			<Option target="gmock_main"/>
		</Unit>
		<Unit filename="/home/uauser/pse/tram_SECSPEC/gtest/lib/googletest-master/googletest/src/gtest-all.cc">
			<Option target="gmock_main"/>
			<Option target="gmock"/>
			<Option target="gtest"/>
		</Unit>
		<Unit filename="/home/uauser/pse/tram_SECSPEC/gtest/lib/googletest-master/googletest/src/gtest_main.cc">
			<Option target="gtest_main"/>
		</Unit>
		<Unit filename="/home/uauser/pse/tram_SECSPEC/src/Albatros.cpp">
			<Option target="Tram_Netwerk"/>
		</Unit>
		<Unit filename="/home/uauser/pse/tram_SECSPEC/src/Albatros.h">
			<Option target="Tram_Netwerk"/>
		</Unit>
		<Unit filename="/home/uauser/pse/tram_SECSPEC/src/DesignByContract.h">
			<Option target="Tram_Netwerk_debug"/>
			<Option target="Tram_Netwerk"/>
		</Unit>
		<Unit filename="/home/uauser/pse/tram_SECSPEC/src/PCC.cpp">
			<Option target="Tram_Netwerk"/>
		</Unit>
		<Unit filename="/home/uauser/pse/tram_SECSPEC/src/PCC.h">
			<Option target="Tram_Netwerk"/>
		</Unit>
		<Unit filename="/home/uauser/pse/tram_SECSPEC/src/Parser.cpp">
			<Option target="Tram_Netwerk_debug"/>
			<Option target="Tram_Netwerk"/>
		</Unit>
		<Unit filename="/home/uauser/pse/tram_SECSPEC/src/Parser.h">
			<Option target="Tram_Netwerk_debug"/>
			<Option target="Tram_Netwerk"/>
		</Unit>
		<Unit filename="/home/uauser/pse/tram_SECSPEC/src/Passagier.cpp">
			<Option target="Tram_Netwerk_debug"/>
			<Option target="Tram_Netwerk"/>
		</Unit>
		<Unit filename="/home/uauser/pse/tram_SECSPEC/src/Passagier.h">
			<Option target="Tram_Netwerk_debug"/>
			<Option target="Tram_Netwerk"/>
		</Unit>
		<Unit filename="/home/uauser/pse/tram_SECSPEC/src/Spoor.cpp">
			<Option target="Tram_Netwerk_debug"/>
			<Option target="Tram_Netwerk"/>
		</Unit>
		<Unit filename="/home/uauser/pse/tram_SECSPEC/src/Spoor.h">
			<Option target="Tram_Netwerk_debug"/>
			<Option target="Tram_Netwerk"/>
		</Unit>
		<Unit filename="/home/uauser/pse/tram_SECSPEC/src/Station.cpp">
			<Option target="Tram_Netwerk_debug"/>
			<Option target="Tram_Netwerk"/>
		</Unit>
		<Unit filename="/home/uauser/pse/tram_SECSPEC/src/Station.h">
			<Option target="Tram_Netwerk_debug"/>
			<Option target="Tram_Netwerk"/>
		</Unit>
		<Unit filename="/home/uauser/pse/tram_SECSPEC/src/System.cpp">
			<Option target="Tram_Netwerk_debug"/>
			<Option target="Tram_Netwerk"/>
		</Unit>
		<Unit filename="/home/uauser/pse/tram_SECSPEC/src/System.h">
			<Option target="Tram_Netwerk_debug"/>
			<Option target="Tram_Netwerk"/>
		</Unit>
		<Unit filename="/home/uauser/pse/tram_SECSPEC/src/Tram.cpp">
			<Option target="Tram_Netwerk_debug"/>
			<Option target="Tram_Netwerk"/>
		</Unit>
		<Unit filename="/home/uauser/pse/tram_SECSPEC/src/Tram.h">
			<Option target="Tram_Netwerk_debug"/>
			<Option target="Tram_Netwerk"/>
		</Unit>
		<Unit filename="/home/uauser/pse/tram_SECSPEC/src/main.cpp">
			<Option target="Tram_Netwerk"/>
		</Unit>
		<Unit filename="/home/uauser/pse/tram_SECSPEC/src/tinystr.cpp">
			<Option target="Tram_Netwerk_debug"/>
			<Option target="Tram_Netwerk"/>
		</Unit>
		<Unit filename="/home/uauser/pse/tram_SECSPEC/src/tinystr.h">
			<Option target="Tram_Netwerk_debug"/>
			<Option target="Tram_Netwerk"/>
		</Unit>
		<Unit filename="/home/uauser/pse/tram_SECSPEC/src/tinyxml.cpp">
			<Option target="Tram_Netwerk_debug"/>
			<Option target="Tram_Netwerk"/>
		</Unit>
		<Unit filename="/home/uauser/pse/tram_SECSPEC/src/tinyxml.h">
			<Option target="Tram_Netwerk_debug"/>
			<Option target="Tram_Netwerk"/>
		</Unit>
		<Unit filename="/home/uauser/pse/tram_SECSPEC/src/tinyxmlerror.cpp">
			<Option target="Tram_Netwerk_debug"/>
			<Option target="Tram_Netwerk"/>
		</Unit>
		<Unit filename="/home/uauser/pse/tram_SECSPEC/src/tinyxmlparser.cpp">
			<Option target="Tram_Netwerk_debug"/>
			<Option target="Tram_Netwerk"/>
		</Unit>
		<Unit filename="/home/uauser/pse/tram_SECSPEC/CMakeLists.txt">
			<Option virtualFolder="CMake Files\"/>
		</Unit>
		<Unit filename="/home/uauser/pse/tram_SECSPEC/gtest/lib/googletest-master/CMakeLists.txt">
			<Option virtualFolder="CMake Files\gtest\lib\googletest-master\"/>
		</Unit>
		<Unit filename="/home/uauser/pse/tram_SECSPEC/gtest/lib/googletest-master/CMakeLists.txt">
			<Option virtualFolder="CMake Files\gtest\lib\googletest-master\"/>
		</Unit>
		<Unit filename="/home/uauser/pse/tram_SECSPEC/gtest/lib/googletest-master/googlemock/CMakeLists.txt">
			<Option virtualFolder="CMake Files\gtest\lib\googletest-master\googlemock\"/>
		</Unit>
		<Unit filename="/home/uauser/pse/tram_SECSPEC/gtest/lib/googletest-master/googlemock/CMakeLists.txt">
			<Option virtualFolder="CMake Files\gtest\lib\googletest-master\googlemock\"/>
		</Unit>
		<Unit filename="/home/uauser/pse/tram_SECSPEC/gtest/lib/googletest-master/googlemock/CMakeLists.txt">
			<Option virtualFolder="CMake Files\gtest\lib\googletest-master\googlemock\"/>
		</Unit>
		<Unit filename="/home/uauser/pse/tram_SECSPEC/gtest/lib/googletest-master/googletest/CMakeLists.txt">
			<Option virtualFolder="CMake Files\gtest\lib\googletest-master\googletest\"/>
		</Unit>
		<Unit filename="/home/uauser/pse/tram_SECSPEC/gtest/lib/googletest-master/googletest/CMakeLists.txt">
			<Option virtualFolder="CMake Files\gtest\lib\googletest-master\googletest\"/>
		</Unit>
		<Unit filename="/home/uauser/pse/tram_SECSPEC/gtest/lib/googletest-master/googletest/CMakeLists.txt">
			<Option virtualFolder="CMake Files\gtest\lib\googletest-master\googletest\"/>
		</Unit>
		<Unit filename="/home/uauser/pse/tram_SECSPEC/gtest/lib/googletest-master/googletest/CMakeLists.txt">
			<Option virtualFolder="CMake Files\gtest\lib\googletest-master\googletest\"/>
		</Unit>
		<Unit filename="/home/uauser/pse/tram_SECSPEC/gtest/lib/googletest-master/googletest/cmake/internal_utils.cmake">
			<Option virtualFolder="CMake Files\gtest\lib\googletest-master\googletest\cmake\"/>
		</Unit>
		<Unit filename="/home/uauser/pse/tram_SECSPEC/gtest/lib/googletest-master/googletest/cmake/internal_utils.cmake">
			<Option virtualFolder="CMake Files\gtest\lib\googletest-master\googletest\cmake\"/>
		</Unit>
		<Unit filename="/home/uauser/pse/tram_SECSPEC/gtest/lib/googletest-master/googletest/cmake/internal_utils.cmake">
			<Option virtualFolder="CMake Files\gtest\lib\googletest-master\googletest\cmake\"/>
		</Unit>
		<Unit filename="/home/uauser/pse/tram_SECSPEC/gtest/lib/googletest-master/googletest/cmake/internal_utils.cmake">
			<Option virtualFolder="CMake Files\gtest\lib\googletest-master\googletest\cmake\"/>
		</Unit>
	</Project>
</CodeBlocks_project_file>
